// !$*UTF8*$!
{
	archiveVersion = 1;
	classes = {
	};
	objectVersion = 50;
	objects = {

/* Begin PBXBuildFile section */
		BA31C069228051AC002B5A49 /* AppDelegate.swift in Sources */ = {isa = PBXBuildFile; fileRef = BA31C068228051AC002B5A49 /* AppDelegate.swift */; };
		BA31C06B228051AC002B5A49 /* ViewController.swift in Sources */ = {isa = PBXBuildFile; fileRef = BA31C06A228051AC002B5A49 /* ViewController.swift */; };
		BA31C06E228051AD002B5A49 /* Main.storyboard in Resources */ = {isa = PBXBuildFile; fileRef = BA31C06C228051AD002B5A49 /* Main.storyboard */; };
		BA31C071228051AD002B5A49 /* NetworkLab.xcdatamodeld in Sources */ = {isa = PBXBuildFile; fileRef = BA31C06F228051AD002B5A49 /* NetworkLab.xcdatamodeld */; };
		BA31C073228051EE002B5A49 /* Assets.xcassets in Resources */ = {isa = PBXBuildFile; fileRef = BA31C072228051EE002B5A49 /* Assets.xcassets */; };
		BA31C076228051EE002B5A49 /* LaunchScreen.storyboard in Resources */ = {isa = PBXBuildFile; fileRef = BA31C074228051EE002B5A49 /* LaunchScreen.storyboard */; };
		BA31C07E228051EE002B5A49 /* myTableViewController.swift in Sources */ = {isa = PBXBuildFile; fileRef = BA31C07D228051EE002B5A49 /* myTableViewController.swift */; };
		BA31C08022805750002B5A49 /* MovieFile.swift in Sources */ = {isa = PBXBuildFile; fileRef = BA31C07F22805750002B5A49 /* MovieFile.swift */; };
/* End PBXBuildFile section */

/* Begin PBXFileReference section */
		BA31C065228051AC002B5A49 /* NetworkLab.app */ = {isa = PBXFileReference; explicitFileType = wrapper.application; includeInIndex = 0; path = NetworkLab.app; sourceTree = BUILT_PRODUCTS_DIR; };
		BA31C068228051AC002B5A49 /* AppDelegate.swift */ = {isa = PBXFileReference; lastKnownFileType = sourcecode.swift; path = AppDelegate.swift; sourceTree = "<group>"; };
		BA31C06A228051AC002B5A49 /* ViewController.swift */ = {isa = PBXFileReference; lastKnownFileType = sourcecode.swift; path = ViewController.swift; sourceTree = "<group>"; };
		BA31C06D228051AD002B5A49 /* Base */ = {isa = PBXFileReference; lastKnownFileType = file.storyboard; name = Base; path = Base.lproj/Main.storyboard; sourceTree = "<group>"; };
		BA31C070228051AD002B5A49 /* NetworkLab.xcdatamodel */ = {isa = PBXFileReference; lastKnownFileType = wrapper.xcdatamodel; path = NetworkLab.xcdatamodel; sourceTree = "<group>"; };
		BA31C072228051EE002B5A49 /* Assets.xcassets */ = {isa = PBXFileReference; lastKnownFileType = folder.assetcatalog; path = Assets.xcassets; sourceTree = "<group>"; };
		BA31C075228051EE002B5A49 /* Base */ = {isa = PBXFileReference; lastKnownFileType = file.storyboard; name = Base; path = Base.lproj/LaunchScreen.storyboard; sourceTree = "<group>"; };
		BA31C077228051EE002B5A49 /* Info.plist */ = {isa = PBXFileReference; lastKnownFileType = text.plist.xml; path = Info.plist; sourceTree = "<group>"; };
		BA31C07D228051EE002B5A49 /* myTableViewController.swift */ = {isa = PBXFileReference; lastKnownFileType = sourcecode.swift; path = myTableViewController.swift; sourceTree = "<group>"; };
		BA31C07F22805750002B5A49 /* MovieFile.swift */ = {isa = PBXFileReference; lastKnownFileType = sourcecode.swift; path = MovieFile.swift; sourceTree = "<group>"; };
/* End PBXFileReference section */

/* Begin PBXFrameworksBuildPhase section */
		BA31C062228051AC002B5A49 /* Frameworks */ = {
			isa = PBXFrameworksBuildPhase;
			buildActionMask = 2147483647;
			files = (
			);
			runOnlyForDeploymentPostprocessing = 0;
		};
/* End PBXFrameworksBuildPhase section */

/* Begin PBXGroup section */
		BA31C05C228051AB002B5A49 = {
			isa = PBXGroup;
			children = (
				BA31C067228051AC002B5A49 /* NetworkLab */,
				BA31C066228051AC002B5A49 /* Products */,
			);
			sourceTree = "<group>";
		};
		BA31C066228051AC002B5A49 /* Products */ = {
			isa = PBXGroup;
			children = (
				BA31C065228051AC002B5A49 /* NetworkLab.app */,
			);
			name = Products;
			sourceTree = "<group>";
		};
		BA31C067228051AC002B5A49 /* NetworkLab */ = {
			isa = PBXGroup;
			children = (
				BA31C068228051AC002B5A49 /* AppDelegate.swift */,
				BA31C06A228051AC002B5A49 /* ViewController.swift */,
				BA31C06C228051AD002B5A49 /* Main.storyboard */,
				BA31C072228051EE002B5A49 /* Assets.xcassets */,
				BA31C074228051EE002B5A49 /* LaunchScreen.storyboard */,
				BA31C077228051EE002B5A49 /* Info.plist */,
				BA31C06F228051AD002B5A49 /* NetworkLab.xcdatamodeld */,
				BA31C07D228051EE002B5A49 /* myTableViewController.swift */,
				BA31C07F22805750002B5A49 /* MovieFile.swift */,
			);
			path = NetworkLab;
			sourceTree = "<group>";
		};
/* End PBXGroup section */

/* Begin PBXNativeTarget section */
		BA31C064228051AC002B5A49 /* NetworkLab */ = {
			isa = PBXNativeTarget;
			buildConfigurationList = BA31C07A228051EE002B5A49 /* Build configuration list for PBXNativeTarget "NetworkLab" */;
			buildPhases = (
				BA31C061228051AC002B5A49 /* Sources */,
				BA31C062228051AC002B5A49 /* Frameworks */,
				BA31C063228051AC002B5A49 /* Resources */,
			);
			buildRules = (
			);
			dependencies = (
			);
			name = NetworkLab;
			productName = NetworkLab;
			productReference = BA31C065228051AC002B5A49 /* NetworkLab.app */;
			productType = "com.apple.product-type.application";
		};
/* End PBXNativeTarget section */

/* Begin PBXProject section */
		BA31C05D228051AB002B5A49 /* Project object */ = {
			isa = PBXProject;
			attributes = {
				LastSwiftUpdateCheck = 0930;
				LastUpgradeCheck = 0930;
				ORGANIZATIONNAME = "Esraa And Passant";
				TargetAttributes = {
					BA31C064228051AC002B5A49 = {
						CreatedOnToolsVersion = 9.3;
					};
				};
			};
			buildConfigurationList = BA31C060228051AB002B5A49 /* Build configuration list for PBXProject "NetworkLab" */;
			compatibilityVersion = "Xcode 9.3";
			developmentRegion = en;
			hasScannedForEncodings = 0;
			knownRegions = (
				en,
				Base,
			);
			mainGroup = BA31C05C228051AB002B5A49;
			productRefGroup = BA31C066228051AC002B5A49 /* Products */;
			projectDirPath = "";
			projectRoot = "";
			targets = (
				BA31C064228051AC002B5A49 /* NetworkLab */,
			);
		};
/* End PBXProject section */

/* Begin PBXResourcesBuildPhase section */
		BA31C063228051AC002B5A49 /* Resources */ = {
			isa = PBXResourcesBuildPhase;
			buildActionMask = 2147483647;
			files = (
				BA31C076228051EE002B5A49 /* LaunchScreen.storyboard in Resources */,
				BA31C073228051EE002B5A49 /* Assets.xcassets in Resources */,
				BA31C06E228051AD002B5A49 /* Main.storyboard in Resources */,
			);
			runOnlyForDeploymentPostprocessing = 0;
		};
/* End PBXResourcesBuildPhase section */

/* Begin PBXSourcesBuildPhase section */
		BA31C061228051AC002B5A49 /* Sources */ = {
			isa = PBXSourcesBuildPhase;
			buildActionMask = 2147483647;
			files = (
				BA31C06B228051AC002B5A49 /* ViewController.swift in Sources */,
				BA31C071228051AD002B5A49 /* NetworkLab.xcdatamodeld in Sources */,
				BA31C069228051AC002B5A49 /* AppDelegate.swift in Sources */,
				BA31C08022805750002B5A49 /* MovieFile.swift in Sources */,
				BA31C07E228051EE002B5A49 /* myTableViewController.swift in Sources */,
			);
			runOnlyForDeploymentPostprocessing = 0;
		};
/* End PBXSourcesBuildPhase section */

/* Begin PBXVariantGroup section */
		BA31C06C228051AD002B5A49 /* Main.storyboard */ = {
			isa = PBXVariantGroup;
			children = (
				BA31C06D228051AD002B5A49 /* Base */,
			);
			name = Main.storyboard;
			sourceTree = "<group>";
		};
		BA31C074228051EE002B5A49 /* LaunchScreen.storyboard */ = {
			isa = PBXVariantGroup;
			children = (
				BA31C075228051EE002B5A49 /* Base */,
			);
			name = LaunchScreen.storyboard;
			sourceTree = "<group>";
		};
/* End PBXVariantGroup section */

/* Begin XCBuildConfiguration section */
		BA31C078228051EE002B5A49 /* Debug */ = {
			isa = XCBuildConfiguration;
			buildSettings = {
				ALWAYS_SEARCH_USER_PATHS = NO;
				CLANG_ANALYZER_NONNULL = YES;
				CLANG_ANALYZER_NUMBER_OBJECT_CONVERSION = YES_AGGRESSIVE;
				CLANG_CXX_LANGUAGE_STANDARD = "gnu++14";
				CLANG_CXX_LIBRARY = "libc++";
				CLANG_ENABLE_MODULES = YES;
				CLANG_ENABLE_OBJC_ARC = YES;
				CLANG_ENABLE_OBJC_WEAK = YES;
				CLANG_WARN_BLOCK_CAPTURE_AUTORELEASING = YES;
				CLANG_WARN_BOOL_CONVERSION = YES;
				CLANG_WARN_COMMA = YES;
				CLANG_WARN_CONSTANT_CONVERSION = YES;
				CLANG_WARN_DEPRECATED_OBJC_IMPLEMENTATIONS = YES;
				CLANG_WARN_DIRECT_OBJC_ISA_USAGE = YES_ERROR;
				CLANG_WARN_DOCUMENTATION_COMMENTS = YES;
				CLANG_WARN_EMPTY_BODY = YES;
				CLANG_WARN_ENUM_CONVERSION = YES;
				CLANG_WARN_INFINITE_RECURSION = YES;
				CLANG_WARN_INT_CONVERSION = YES;
				CLANG_WARN_NON_LITERAL_NULL_CONVERSION = YES;
				CLANG_WARN_OBJC_IMPLICIT_RETAIN_SELF = YES;
				CLANG_WARN_OBJC_LITERAL_CONVERSION = YES;
				CLANG_WARN_OBJC_ROOT_CLASS = YES_ERROR;
				CLANG_WARN_RANGE_LOOP_ANALYSIS = YES;
				CLANG_WARN_STRICT_PROTOTYPES = YES;
				CLANG_WARN_SUSPICIOUS_MOVE = YES;
				CLANG_WARN_UNGUARDED_AVAILABILITY = YES_AGGRESSIVE;
				CLANG_WARN_UNREACHABLE_CODE = YES;
				CLANG_WARN__DUPLICATE_METHOD_MATCH = YES;
				CODE_SIGN_IDENTITY = "iPhone Developer";
				COPY_PHASE_STRIP = NO;
				DEBUG_INFORMATION_FORMAT = dwarf;
				ENABLE_STRICT_OBJC_MSGSEND = YES;
				ENABLE_TESTABILITY = YES;
				GCC_C_LANGUAGE_STANDARD = gnu11;
				GCC_DYNAMIC_NO_PIC = NO;
				GCC_NO_COMMON_BLOCKS = YES;
				GCC_OPTIMIZATION_LEVEL = 0;
				GCC_PREPROCESSOR_DEFINITIONS = (
					"DEBUG=1",
					"$(inherited)",
				);
				GCC_WARN_64_TO_32_BIT_CONVERSION = YES;
				GCC_WARN_ABOUT_RETURN_TYPE = YES_ERROR;
				GCC_WARN_UNDECLARED_SELECTOR = YES;
				GCC_WARN_UNINITIALIZED_AUTOS = YES_AGGRESSIVE;
				GCC_WARN_UNUSED_FUNCTION = YES;
				GCC_WARN_UNUSED_VARIABLE = YES;
				IPHONEOS_DEPLOYMENT_TARGET = 11.3;
				MTL_ENABLE_DEBUG_INFO = YES;
				ONLY_ACTIVE_ARCH = YES;
				SDKROOT = iphoneos;
				SWIFT_ACTIVE_COMPILATION_CONDITIONS = DEBUG;
				SWIFT_OPTIMIZATION_LEVEL = "-Onone";
			};
			name = Debug;
		};
		BA31C079228051EE002B5A49 /* Release */ = {
			isa = XCBuildConfiguration;
			buildSettings = {
				ALWAYS_SEARCH_USER_PATHS = NO;
				CLANG_ANALYZER_NONNULL = YES;
				CLANG_ANALYZER_NUMBER_OBJECT_CONVERSION = YES_AGGRESSIVE;
				CLANG_CXX_LANGUAGE_STANDARD = "gnu++14";
				CLANG_CXX_LIBRARY = "libc++";
				CLANG_ENABLE_MODULES = YES;
				CLANG_ENABLE_OBJC_ARC = YES;
				CLANG_ENABLE_OBJC_WEAK = YES;
				CLANG_WARN_BLOCK_CAPTURE_AUTORELEASING = YES;
				CLANG_WARN_BOOL_CONVERSION = YES;
				CLANG_WARN_COMMA = YES;
				CLANG_WARN_CONSTANT_CONVERSION = YES;
				CLANG_WARN_DEPRECATED_OBJC_IMPLEMENTATIONS = YES;
				CLANG_WARN_DIRECT_OBJC_ISA_USAGE = YES_ERROR;
				CLANG_WARN_DOCUMENTATION_COMMENTS = YES;
				CLANG_WARN_EMPTY_BODY = YES;
				CLANG_WARN_ENUM_CONVERSION = YES;
				CLANG_WARN_INFINITE_RECURSION = YES;
				CLANG_WARN_INT_CONVERSION = YES;
				CLANG_WARN_NON_LITERAL_NULL_CONVERSION = YES;
				CLANG_WARN_OBJC_IMPLICIT_RETAIN_SELF = YES;
				CLANG_WARN_OBJC_LITERAL_CONVERSION = YES;
				CLANG_WARN_OBJC_ROOT_CLASS = YES_ERROR;
				CLANG_WARN_RANGE_LOOP_ANALYSIS = YES;
				CLANG_WARN_STRICT_PROTOTYPES = YES;
				CLANG_WARN_SUSPICIOUS_MOVE = YES;
				CLANG_WARN_UNGUARDED_AVAILABILITY = YES_AGGRESSIVE;
				CLANG_WARN_UNREACHABLE_CODE = YES;
				CLANG_WARN__DUPLICATE_METHOD_MATCH = YES;
				CODE_SIGN_IDENTITY = "iPhone Developer";
				COPY_PHASE_STRIP = NO;
				DEBUG_INFORMATION_FORMAT = "dwarf-with-dsym";
				ENABLE_NS_ASSERTIONS = NO;
				ENABLE_STRICT_OBJC_MSGSEND = YES;
				GCC_C_LANGUAGE_STANDARD = gnu11;
				GCC_NO_COMMON_BLOCKS = YES;
				GCC_WARN_64_TO_32_BIT_CONVERSION = YES;
				GCC_WARN_ABOUT_RETURN_TYPE = YES_ERROR;
				GCC_WARN_UNDECLARED_SELECTOR = YES;
				GCC_WARN_UNINITIALIZED_AUTOS = YES_AGGRESSIVE;
				GCC_WARN_UNUSED_FUNCTION = YES;
				GCC_WARN_UNUSED_VARIABLE = YES;
				IPHONEOS_DEPLOYMENT_TARGET = 11.3;
				MTL_ENABLE_DEBUG_INFO = NO;
				SDKROOT = iphoneos;
				SWIFT_COMPILATION_MODE = wholemodule;
				SWIFT_OPTIMIZATION_LEVEL = "-O";
				VALIDATE_PRODUCT = YES;
			};
			name = Release;
		};
		BA31C07B228051EE002B5A49 /* Debug */ = {
			isa = XCBuildConfiguration;
			buildSettings = {
				ASSETCATALOG_COMPILER_APPICON_NAME = AppIcon;
				CODE_SIGN_STYLE = Automatic;
				INFOPLIST_FILE = NetworkLab/Info.plist;
				LD_RUNPATH_SEARCH_PATHS = (
					"$(inherited)",
					"@executable_path/Frameworks",
				);
				PRODUCT_BUNDLE_IDENTIFIER = com.ep.NetworkLab;
				PRODUCT_NAME = "$(TARGET_NAME)";
				SWIFT_VERSION = 4.0;
				TARGETED_DEVICE_FAMILY = "1,2";
			};
			name = Debug;
		};
		BA31C07C228051EE002B5A49 /* Release */ = {
			isa = XCBuildConfiguration;
			buildSettings = {
				ASSETCATALOG_COMPILER_APPICON_NAME = AppIcon;
				CODE_SIGN_STYLE = Automatic;
				INFOPLIST_FILE = NetworkLab/Info.plist;
				LD_RUNPATH_SEARCH_PATHS = (
					"$(inherited)",
					"@executable_path/Frameworks",
				);
				PRODUCT_BUNDLE_IDENTIFIER = com.ep.NetworkLab;
				PRODUCT_NAME = "$(TARGET_NAME)";
				SWIFT_VERSION = 4.0;
				TARGETED_DEVICE_FAMILY = "1,2";
			};
			name = Release;
		};
/* End XCBuildConfiguration section */

/* Begin XCConfigurationList section */
		BA31C060228051AB002B5A49 /* Build configuration list for PBXProject "NetworkLab" */ = {
			isa = XCConfigurationList;
			buildConfigurations = (
				BA31C078228051EE002B5A49 /* Debug */,
				BA31C079228051EE002B5A49 /* Release */,
			);
			defaultConfigurationIsVisible = 0;
			defaultConfigurationName = Release;
		};
		BA31C07A228051EE002B5A49 /* Build configuration list for PBXNativeTarget "NetworkLab" */ = {
			isa = XCConfigurationList;
			buildConfigurations = (
				BA31C07B228051EE002B5A49 /* Debug */,
				BA31C07C228051EE002B5A49 /* Release */,
			);
			defaultConfigurationIsVisible = 0;
			defaultConfigurationName = Release;
		};
/* End XCConfigurationList section */

/* Begin XCVersionGroup section */
		BA31C06F228051AD002B5A49 /* NetworkLab.xcdatamodeld */ = {
			isa = XCVersionGroup;
			children = (
				BA31C070228051AD002B5A49 /* NetworkLab.xcdatamodel */,
			);
			currentVersion = BA31C070228051AD002B5A49 /* NetworkLab.xcdatamodel */;
			path = NetworkLab.xcdatamodeld;
			sourceTree = "<group>";
			versionGroupType = wrapper.xcdatamodel;
		};
/* End XCVersionGroup section */
	};
	rootObject = BA31C05D228051AB002B5A49 /* Project object */;
}
