// !$*UTF8*$!
{
	archiveVersion = 1;
	classes = {
	};
	objectVersion = 56;
	objects = {

/* Begin PBXBuildFile section */
		6DE18EC02B5CF03200B840C7 /* AppDelegate.swift in Sources */ = {isa = PBXBuildFile; fileRef = 6DE18EBF2B5CF03200B840C7 /* AppDelegate.swift */; };
		6DE18EC22B5CF03200B840C7 /* SceneDelegate.swift in Sources */ = {isa = PBXBuildFile; fileRef = 6DE18EC12B5CF03200B840C7 /* SceneDelegate.swift */; };
		6DE18EC42B5CF03200B840C7 /* ViewController.swift in Sources */ = {isa = PBXBuildFile; fileRef = 6DE18EC32B5CF03200B840C7 /* ViewController.swift */; };
		6DE18EC72B5CF03200B840C7 /* Main.storyboard in Resources */ = {isa = PBXBuildFile; fileRef = 6DE18EC52B5CF03200B840C7 /* Main.storyboard */; };
		6DE18EC92B5CF03400B840C7 /* Assets.xcassets in Resources */ = {isa = PBXBuildFile; fileRef = 6DE18EC82B5CF03400B840C7 /* Assets.xcassets */; };
		6DE18ECC2B5CF03400B840C7 /* LaunchScreen.storyboard in Resources */ = {isa = PBXBuildFile; fileRef = 6DE18ECA2B5CF03400B840C7 /* LaunchScreen.storyboard */; };
		6DE18ED42B5CF07800B840C7 /* Stack.swift in Sources */ = {isa = PBXBuildFile; fileRef = 6DE18ED32B5CF07800B840C7 /* Stack.swift */; };
		6DE18ED72B5E53E400B840C7 /* Specification.swift in Sources */ = {isa = PBXBuildFile; fileRef = 6DE18ED62B5E53E400B840C7 /* Specification.swift */; };
		6DE18ED92B5E542C00B840C7 /* ColorSpecification.swift in Sources */ = {isa = PBXBuildFile; fileRef = 6DE18ED82B5E542B00B840C7 /* ColorSpecification.swift */; };
		6DE18EDB2B5E546900B840C7 /* Product.swift in Sources */ = {isa = PBXBuildFile; fileRef = 6DE18EDA2B5E546900B840C7 /* Product.swift */; };
		6DFA724D2B5FE87D00215D8F /* swiftlint.yml in Sources */ = {isa = PBXBuildFile; fileRef = 6DFA724C2B5FE87D00215D8F /* swiftlint.yml */; };
		6DFA72512B611B8100215D8F /* Factory in Frameworks */ = {isa = PBXBuildFile; productRef = 6DFA72502B611B8100215D8F /* Factory */; };
		6DFA72532B611BD700215D8F /* DependencyInjection.swift in Sources */ = {isa = PBXBuildFile; fileRef = 6DFA72522B611BD700215D8F /* DependencyInjection.swift */; };
		6DFA72562B611C1900215D8F /* ViewModel.swift in Sources */ = {isa = PBXBuildFile; fileRef = 6DFA72552B611C1900215D8F /* ViewModel.swift */; };
/* End PBXBuildFile section */

/* Begin PBXFileReference section */
		6DE18EBC2B5CF03200B840C7 /* GenericsParametricPolymorphism.app */ = {isa = PBXFileReference; explicitFileType = wrapper.application; includeInIndex = 0; path = GenericsParametricPolymorphism.app; sourceTree = BUILT_PRODUCTS_DIR; };
		6DE18EBF2B5CF03200B840C7 /* AppDelegate.swift */ = {isa = PBXFileReference; lastKnownFileType = sourcecode.swift; path = AppDelegate.swift; sourceTree = "<group>"; };
		6DE18EC12B5CF03200B840C7 /* SceneDelegate.swift */ = {isa = PBXFileReference; lastKnownFileType = sourcecode.swift; path = SceneDelegate.swift; sourceTree = "<group>"; };
		6DE18EC32B5CF03200B840C7 /* ViewController.swift */ = {isa = PBXFileReference; lastKnownFileType = sourcecode.swift; path = ViewController.swift; sourceTree = "<group>"; };
		6DE18EC62B5CF03200B840C7 /* Base */ = {isa = PBXFileReference; lastKnownFileType = file.storyboard; name = Base; path = Base.lproj/Main.storyboard; sourceTree = "<group>"; };
		6DE18EC82B5CF03400B840C7 /* Assets.xcassets */ = {isa = PBXFileReference; lastKnownFileType = folder.assetcatalog; path = Assets.xcassets; sourceTree = "<group>"; };
		6DE18ECB2B5CF03400B840C7 /* Base */ = {isa = PBXFileReference; lastKnownFileType = file.storyboard; name = Base; path = Base.lproj/LaunchScreen.storyboard; sourceTree = "<group>"; };
		6DE18ECD2B5CF03400B840C7 /* Info.plist */ = {isa = PBXFileReference; lastKnownFileType = text.plist.xml; path = Info.plist; sourceTree = "<group>"; };
		6DE18ED32B5CF07800B840C7 /* Stack.swift */ = {isa = PBXFileReference; lastKnownFileType = sourcecode.swift; path = Stack.swift; sourceTree = "<group>"; };
		6DE18ED62B5E53E400B840C7 /* Specification.swift */ = {isa = PBXFileReference; lastKnownFileType = sourcecode.swift; name = Specification.swift; path = ../../../../../../../Specification.swift; sourceTree = "<group>"; };
		6DE18ED82B5E542B00B840C7 /* ColorSpecification.swift */ = {isa = PBXFileReference; lastKnownFileType = sourcecode.swift; path = ColorSpecification.swift; sourceTree = "<group>"; };
		6DE18EDA2B5E546900B840C7 /* Product.swift */ = {isa = PBXFileReference; lastKnownFileType = sourcecode.swift; path = Product.swift; sourceTree = "<group>"; };
		6DFA724C2B5FE87D00215D8F /* swiftlint.yml */ = {isa = PBXFileReference; lastKnownFileType = text.yaml; path = swiftlint.yml; sourceTree = "<group>"; };
		6DFA72522B611BD700215D8F /* DependencyInjection.swift */ = {isa = PBXFileReference; lastKnownFileType = sourcecode.swift; path = DependencyInjection.swift; sourceTree = "<group>"; };
		6DFA72552B611C1900215D8F /* ViewModel.swift */ = {isa = PBXFileReference; lastKnownFileType = sourcecode.swift; path = ViewModel.swift; sourceTree = "<group>"; };
/* End PBXFileReference section */

/* Begin PBXFrameworksBuildPhase section */
		6DE18EB92B5CF03200B840C7 /* Frameworks */ = {
			isa = PBXFrameworksBuildPhase;
			buildActionMask = 2147483647;
			files = (
				6DFA72512B611B8100215D8F /* Factory in Frameworks */,
			);
			runOnlyForDeploymentPostprocessing = 0;
		};
/* End PBXFrameworksBuildPhase section */

/* Begin PBXGroup section */
		6DE18EB32B5CF03200B840C7 = {
			isa = PBXGroup;
			children = (
				6DE18EBE2B5CF03200B840C7 /* GenericsParametricPolymorphism */,
				6DE18EBD2B5CF03200B840C7 /* Products */,
			);
			sourceTree = "<group>";
		};
		6DE18EBD2B5CF03200B840C7 /* Products */ = {
			isa = PBXGroup;
			children = (
				6DE18EBC2B5CF03200B840C7 /* GenericsParametricPolymorphism.app */,
			);
			name = Products;
			sourceTree = "<group>";
		};
		6DE18EBE2B5CF03200B840C7 /* GenericsParametricPolymorphism */ = {
			isa = PBXGroup;
			children = (
				6DE18ED52B5E53C700B840C7 /* Specification */,
				6DE18ED32B5CF07800B840C7 /* Stack.swift */,
				6DE18EBF2B5CF03200B840C7 /* AppDelegate.swift */,
				6DE18EC12B5CF03200B840C7 /* SceneDelegate.swift */,
				6DE18EC32B5CF03200B840C7 /* ViewController.swift */,
				6DE18EC52B5CF03200B840C7 /* Main.storyboard */,
				6DE18EC82B5CF03400B840C7 /* Assets.xcassets */,
				6DE18ECA2B5CF03400B840C7 /* LaunchScreen.storyboard */,
				6DE18ECD2B5CF03400B840C7 /* Info.plist */,
			);
			path = GenericsParametricPolymorphism;
			sourceTree = "<group>";
		};
		6DE18ED52B5E53C700B840C7 /* Specification */ = {
			isa = PBXGroup;
			children = (
				6DFA72542B611C0900215D8F /* ViewModel */,
				6DFA724E2B61195000215D8F /* DependencyInjection */,
				6DFA724B2B5FE86100215D8F /* SwiftLint */,
				6DE18ED62B5E53E400B840C7 /* Specification.swift */,
				6DE18ED82B5E542B00B840C7 /* ColorSpecification.swift */,
				6DE18EDA2B5E546900B840C7 /* Product.swift */,
			);
			path = Specification;
			sourceTree = "<group>";
		};
		6DFA724B2B5FE86100215D8F /* SwiftLint */ = {
			isa = PBXGroup;
			children = (
				6DFA724C2B5FE87D00215D8F /* swiftlint.yml */,
			);
			path = SwiftLint;
			sourceTree = "<group>";
		};
		6DFA724E2B61195000215D8F /* DependencyInjection */ = {
			isa = PBXGroup;
			children = (
				6DFA72522B611BD700215D8F /* DependencyInjection.swift */,
			);
			path = DependencyInjection;
			sourceTree = "<group>";
		};
		6DFA72542B611C0900215D8F /* ViewModel */ = {
			isa = PBXGroup;
			children = (
				6DFA72552B611C1900215D8F /* ViewModel.swift */,
			);
			path = ViewModel;
			sourceTree = "<group>";
		};
/* End PBXGroup section */

/* Begin PBXNativeTarget section */
		6DE18EBB2B5CF03200B840C7 /* GenericsParametricPolymorphism */ = {
			isa = PBXNativeTarget;
			buildConfigurationList = 6DE18ED02B5CF03400B840C7 /* Build configuration list for PBXNativeTarget "GenericsParametricPolymorphism" */;
			buildPhases = (
				6DE18EB82B5CF03200B840C7 /* Sources */,
				6DE18EB92B5CF03200B840C7 /* Frameworks */,
				6DE18EBA2B5CF03200B840C7 /* Resources */,
				6DFA724A2B5FE7DB00215D8F /* swiftlint */,
			);
			buildRules = (
			);
			dependencies = (
			);
			name = GenericsParametricPolymorphism;
			packageProductDependencies = (
				6DFA72502B611B8100215D8F /* Factory */,
			);
			productName = GenericsParametricPolymorphism;
			productReference = 6DE18EBC2B5CF03200B840C7 /* GenericsParametricPolymorphism.app */;
			productType = "com.apple.product-type.application";
		};
/* End PBXNativeTarget section */

/* Begin PBXProject section */
		6DE18EB42B5CF03200B840C7 /* Project object */ = {
			isa = PBXProject;
			attributes = {
				BuildIndependentTargetsInParallel = 1;
				LastSwiftUpdateCheck = 1420;
				LastUpgradeCheck = 1420;
				TargetAttributes = {
					6DE18EBB2B5CF03200B840C7 = {
						CreatedOnToolsVersion = 14.2;
					};
				};
			};
			buildConfigurationList = 6DE18EB72B5CF03200B840C7 /* Build configuration list for PBXProject "GenericsParametricPolymorphism" */;
			compatibilityVersion = "Xcode 14.0";
			developmentRegion = en;
			hasScannedForEncodings = 0;
			knownRegions = (
				en,
				Base,
			);
			mainGroup = 6DE18EB32B5CF03200B840C7;
			packageReferences = (
				6DFA724F2B611B8100215D8F /* XCRemoteSwiftPackageReference "Factory" */,
			);
			productRefGroup = 6DE18EBD2B5CF03200B840C7 /* Products */;
			projectDirPath = "";
			projectRoot = "";
			targets = (
				6DE18EBB2B5CF03200B840C7 /* GenericsParametricPolymorphism */,
			);
		};
/* End PBXProject section */

/* Begin PBXResourcesBuildPhase section */
		6DE18EBA2B5CF03200B840C7 /* Resources */ = {
			isa = PBXResourcesBuildPhase;
			buildActionMask = 2147483647;
			files = (
				6DE18ECC2B5CF03400B840C7 /* LaunchScreen.storyboard in Resources */,
				6DE18EC92B5CF03400B840C7 /* Assets.xcassets in Resources */,
				6DE18EC72B5CF03200B840C7 /* Main.storyboard in Resources */,
			);
			runOnlyForDeploymentPostprocessing = 0;
		};
/* End PBXResourcesBuildPhase section */

/* Begin PBXShellScriptBuildPhase section */
		6DFA724A2B5FE7DB00215D8F /* swiftlint */ = {
			isa = PBXShellScriptBuildPhase;
			buildActionMask = 2147483647;
			files = (
			);
			inputFileListPaths = (
			);
			inputPaths = (
			);
			name = swiftlint;
			outputFileListPaths = (
			);
			outputPaths = (
			);
			runOnlyForDeploymentPostprocessing = 0;
			shellPath = /bin/sh;
			shellScript = "if which swiftlint >/dev/null; then\n  swiftlint\nelse\n  echo \"warning: SwiftLint not installed, download from https://github.com/realm/SwiftLint\"\nfi\n";
		};
/* End PBXShellScriptBuildPhase section */

/* Begin PBXSourcesBuildPhase section */
		6DE18EB82B5CF03200B840C7 /* Sources */ = {
			isa = PBXSourcesBuildPhase;
			buildActionMask = 2147483647;
			files = (
				6DFA72562B611C1900215D8F /* ViewModel.swift in Sources */,
				6DE18ED42B5CF07800B840C7 /* Stack.swift in Sources */,
				6DE18ED72B5E53E400B840C7 /* Specification.swift in Sources */,
				6DE18EC42B5CF03200B840C7 /* ViewController.swift in Sources */,
				6DE18EC02B5CF03200B840C7 /* AppDelegate.swift in Sources */,
				6DE18EC22B5CF03200B840C7 /* SceneDelegate.swift in Sources */,
				6DFA72532B611BD700215D8F /* DependencyInjection.swift in Sources */,
				6DFA724D2B5FE87D00215D8F /* swiftlint.yml in Sources */,
				6DE18ED92B5E542C00B840C7 /* ColorSpecification.swift in Sources */,
				6DE18EDB2B5E546900B840C7 /* Product.swift in Sources */,
			);
			runOnlyForDeploymentPostprocessing = 0;
		};
/* End PBXSourcesBuildPhase section */

/* Begin PBXVariantGroup section */
		6DE18EC52B5CF03200B840C7 /* Main.storyboard */ = {
			isa = PBXVariantGroup;
			children = (
				6DE18EC62B5CF03200B840C7 /* Base */,
			);
			name = Main.storyboard;
			sourceTree = "<group>";
		};
		6DE18ECA2B5CF03400B840C7 /* LaunchScreen.storyboard */ = {
			isa = PBXVariantGroup;
			children = (
				6DE18ECB2B5CF03400B840C7 /* Base */,
			);
			name = LaunchScreen.storyboard;
			sourceTree = "<group>";
		};
/* End PBXVariantGroup section */

/* Begin XCBuildConfiguration section */
		6DE18ECE2B5CF03400B840C7 /* Debug */ = {
			isa = XCBuildConfiguration;
			buildSettings = {
				ALWAYS_SEARCH_USER_PATHS = NO;
				CLANG_ANALYZER_NONNULL = YES;
				CLANG_ANALYZER_NUMBER_OBJECT_CONVERSION = YES_AGGRESSIVE;
				CLANG_CXX_LANGUAGE_STANDARD = "gnu++20";
				CLANG_ENABLE_MODULES = YES;
				CLANG_ENABLE_OBJC_ARC = YES;
				CLANG_ENABLE_OBJC_WEAK = YES;
				CLANG_WARN_BLOCK_CAPTURE_AUTORELEASING = YES;
				CLANG_WARN_BOOL_CONVERSION = YES;
				CLANG_WARN_COMMA = YES;
				CLANG_WARN_CONSTANT_CONVERSION = YES;
				CLANG_WARN_DEPRECATED_OBJC_IMPLEMENTATIONS = YES;
				CLANG_WARN_DIRECT_OBJC_ISA_USAGE = YES_ERROR;
				CLANG_WARN_DOCUMENTATION_COMMENTS = YES;
				CLANG_WARN_EMPTY_BODY = YES;
				CLANG_WARN_ENUM_CONVERSION = YES;
				CLANG_WARN_INFINITE_RECURSION = YES;
				CLANG_WARN_INT_CONVERSION = YES;
				CLANG_WARN_NON_LITERAL_NULL_CONVERSION = YES;
				CLANG_WARN_OBJC_IMPLICIT_RETAIN_SELF = YES;
				CLANG_WARN_OBJC_LITERAL_CONVERSION = YES;
				CLANG_WARN_OBJC_ROOT_CLASS = YES_ERROR;
				CLANG_WARN_QUOTED_INCLUDE_IN_FRAMEWORK_HEADER = YES;
				CLANG_WARN_RANGE_LOOP_ANALYSIS = YES;
				CLANG_WARN_STRICT_PROTOTYPES = YES;
				CLANG_WARN_SUSPICIOUS_MOVE = YES;
				CLANG_WARN_UNGUARDED_AVAILABILITY = YES_AGGRESSIVE;
				CLANG_WARN_UNREACHABLE_CODE = YES;
				CLANG_WARN__DUPLICATE_METHOD_MATCH = YES;
				COPY_PHASE_STRIP = NO;
				DEBUG_INFORMATION_FORMAT = dwarf;
				ENABLE_STRICT_OBJC_MSGSEND = YES;
				ENABLE_TESTABILITY = YES;
				GCC_C_LANGUAGE_STANDARD = gnu11;
				GCC_DYNAMIC_NO_PIC = NO;
				GCC_NO_COMMON_BLOCKS = YES;
				GCC_OPTIMIZATION_LEVEL = 0;
				GCC_PREPROCESSOR_DEFINITIONS = (
					"DEBUG=1",
					"$(inherited)",
				);
				GCC_WARN_64_TO_32_BIT_CONVERSION = YES;
				GCC_WARN_ABOUT_RETURN_TYPE = YES_ERROR;
				GCC_WARN_UNDECLARED_SELECTOR = YES;
				GCC_WARN_UNINITIALIZED_AUTOS = YES_AGGRESSIVE;
				GCC_WARN_UNUSED_FUNCTION = YES;
				GCC_WARN_UNUSED_VARIABLE = YES;
				IPHONEOS_DEPLOYMENT_TARGET = 16.2;
				MTL_ENABLE_DEBUG_INFO = INCLUDE_SOURCE;
				MTL_FAST_MATH = YES;
				ONLY_ACTIVE_ARCH = YES;
				SDKROOT = iphoneos;
				SWIFT_ACTIVE_COMPILATION_CONDITIONS = DEBUG;
				SWIFT_OPTIMIZATION_LEVEL = "-Onone";
			};
			name = Debug;
		};
		6DE18ECF2B5CF03400B840C7 /* Release */ = {
			isa = XCBuildConfiguration;
			buildSettings = {
				ALWAYS_SEARCH_USER_PATHS = NO;
				CLANG_ANALYZER_NONNULL = YES;
				CLANG_ANALYZER_NUMBER_OBJECT_CONVERSION = YES_AGGRESSIVE;
				CLANG_CXX_LANGUAGE_STANDARD = "gnu++20";
				CLANG_ENABLE_MODULES = YES;
				CLANG_ENABLE_OBJC_ARC = YES;
				CLANG_ENABLE_OBJC_WEAK = YES;
				CLANG_WARN_BLOCK_CAPTURE_AUTORELEASING = YES;
				CLANG_WARN_BOOL_CONVERSION = YES;
				CLANG_WARN_COMMA = YES;
				CLANG_WARN_CONSTANT_CONVERSION = YES;
				CLANG_WARN_DEPRECATED_OBJC_IMPLEMENTATIONS = YES;
				CLANG_WARN_DIRECT_OBJC_ISA_USAGE = YES_ERROR;
				CLANG_WARN_DOCUMENTATION_COMMENTS = YES;
				CLANG_WARN_EMPTY_BODY = YES;
				CLANG_WARN_ENUM_CONVERSION = YES;
				CLANG_WARN_INFINITE_RECURSION = YES;
				CLANG_WARN_INT_CONVERSION = YES;
				CLANG_WARN_NON_LITERAL_NULL_CONVERSION = YES;
				CLANG_WARN_OBJC_IMPLICIT_RETAIN_SELF = YES;
				CLANG_WARN_OBJC_LITERAL_CONVERSION = YES;
				CLANG_WARN_OBJC_ROOT_CLASS = YES_ERROR;
				CLANG_WARN_QUOTED_INCLUDE_IN_FRAMEWORK_HEADER = YES;
				CLANG_WARN_RANGE_LOOP_ANALYSIS = YES;
				CLANG_WARN_STRICT_PROTOTYPES = YES;
				CLANG_WARN_SUSPICIOUS_MOVE = YES;
				CLANG_WARN_UNGUARDED_AVAILABILITY = YES_AGGRESSIVE;
				CLANG_WARN_UNREACHABLE_CODE = YES;
				CLANG_WARN__DUPLICATE_METHOD_MATCH = YES;
				COPY_PHASE_STRIP = NO;
				DEBUG_INFORMATION_FORMAT = "dwarf-with-dsym";
				ENABLE_NS_ASSERTIONS = NO;
				ENABLE_STRICT_OBJC_MSGSEND = YES;
				GCC_C_LANGUAGE_STANDARD = gnu11;
				GCC_NO_COMMON_BLOCKS = YES;
				GCC_WARN_64_TO_32_BIT_CONVERSION = YES;
				GCC_WARN_ABOUT_RETURN_TYPE = YES_ERROR;
				GCC_WARN_UNDECLARED_SELECTOR = YES;
				GCC_WARN_UNINITIALIZED_AUTOS = YES_AGGRESSIVE;
				GCC_WARN_UNUSED_FUNCTION = YES;
				GCC_WARN_UNUSED_VARIABLE = YES;
				IPHONEOS_DEPLOYMENT_TARGET = 16.2;
				MTL_ENABLE_DEBUG_INFO = NO;
				MTL_FAST_MATH = YES;
				SDKROOT = iphoneos;
				SWIFT_COMPILATION_MODE = wholemodule;
				SWIFT_OPTIMIZATION_LEVEL = "-O";
				VALIDATE_PRODUCT = YES;
			};
			name = Release;
		};
		6DE18ED12B5CF03400B840C7 /* Debug */ = {
			isa = XCBuildConfiguration;
			buildSettings = {
				ASSETCATALOG_COMPILER_APPICON_NAME = AppIcon;
				ASSETCATALOG_COMPILER_GLOBAL_ACCENT_COLOR_NAME = AccentColor;
				CODE_SIGN_STYLE = Automatic;
				CURRENT_PROJECT_VERSION = 1;
				DEVELOPMENT_TEAM = 7B56P4595F;
				GENERATE_INFOPLIST_FILE = YES;
				INFOPLIST_FILE = GenericsParametricPolymorphism/Info.plist;
				INFOPLIST_KEY_UIApplicationSupportsIndirectInputEvents = YES;
				INFOPLIST_KEY_UILaunchStoryboardName = LaunchScreen;
				INFOPLIST_KEY_UIMainStoryboardFile = Main;
				INFOPLIST_KEY_UISupportedInterfaceOrientations_iPad = "UIInterfaceOrientationPortrait UIInterfaceOrientationPortraitUpsideDown UIInterfaceOrientationLandscapeLeft UIInterfaceOrientationLandscapeRight";
				INFOPLIST_KEY_UISupportedInterfaceOrientations_iPhone = "UIInterfaceOrientationPortrait UIInterfaceOrientationLandscapeLeft UIInterfaceOrientationLandscapeRight";
				LD_RUNPATH_SEARCH_PATHS = (
					"$(inherited)",
					"@executable_path/Frameworks",
				);
				MARKETING_VERSION = 1.0;
				PRODUCT_BUNDLE_IDENTIFIER = com.fayeq.GenericsParametricPolymorphism;
				PRODUCT_NAME = "$(TARGET_NAME)";
				SWIFT_EMIT_LOC_STRINGS = YES;
				SWIFT_VERSION = 5.0;
				TARGETED_DEVICE_FAMILY = "1,2";
			};
			name = Debug;
		};
		6DE18ED22B5CF03400B840C7 /* Release */ = {
			isa = XCBuildConfiguration;
			buildSettings = {
				ASSETCATALOG_COMPILER_APPICON_NAME = AppIcon;
				ASSETCATALOG_COMPILER_GLOBAL_ACCENT_COLOR_NAME = AccentColor;
				CODE_SIGN_STYLE = Automatic;
				CURRENT_PROJECT_VERSION = 1;
				DEVELOPMENT_TEAM = 7B56P4595F;
				GENERATE_INFOPLIST_FILE = YES;
				INFOPLIST_FILE = GenericsParametricPolymorphism/Info.plist;
				INFOPLIST_KEY_UIApplicationSupportsIndirectInputEvents = YES;
				INFOPLIST_KEY_UILaunchStoryboardName = LaunchScreen;
				INFOPLIST_KEY_UIMainStoryboardFile = Main;
				INFOPLIST_KEY_UISupportedInterfaceOrientations_iPad = "UIInterfaceOrientationPortrait UIInterfaceOrientationPortraitUpsideDown UIInterfaceOrientationLandscapeLeft UIInterfaceOrientationLandscapeRight";
				INFOPLIST_KEY_UISupportedInterfaceOrientations_iPhone = "UIInterfaceOrientationPortrait UIInterfaceOrientationLandscapeLeft UIInterfaceOrientationLandscapeRight";
				LD_RUNPATH_SEARCH_PATHS = (
					"$(inherited)",
					"@executable_path/Frameworks",
				);
				MARKETING_VERSION = 1.0;
				PRODUCT_BUNDLE_IDENTIFIER = com.fayeq.GenericsParametricPolymorphism;
				PRODUCT_NAME = "$(TARGET_NAME)";
				SWIFT_EMIT_LOC_STRINGS = YES;
				SWIFT_VERSION = 5.0;
				TARGETED_DEVICE_FAMILY = "1,2";
			};
			name = Release;
		};
/* End XCBuildConfiguration section */

/* Begin XCConfigurationList section */
		6DE18EB72B5CF03200B840C7 /* Build configuration list for PBXProject "GenericsParametricPolymorphism" */ = {
			isa = XCConfigurationList;
			buildConfigurations = (
				6DE18ECE2B5CF03400B840C7 /* Debug */,
				6DE18ECF2B5CF03400B840C7 /* Release */,
			);
			defaultConfigurationIsVisible = 0;
			defaultConfigurationName = Release;
		};
		6DE18ED02B5CF03400B840C7 /* Build configuration list for PBXNativeTarget "GenericsParametricPolymorphism" */ = {
			isa = XCConfigurationList;
			buildConfigurations = (
				6DE18ED12B5CF03400B840C7 /* Debug */,
				6DE18ED22B5CF03400B840C7 /* Release */,
			);
			defaultConfigurationIsVisible = 0;
			defaultConfigurationName = Release;
		};
/* End XCConfigurationList section */

/* Begin XCRemoteSwiftPackageReference section */
		6DFA724F2B611B8100215D8F /* XCRemoteSwiftPackageReference "Factory" */ = {
			isa = XCRemoteSwiftPackageReference;
			repositoryURL = "https://github.com/hmlongco/Factory";
			requirement = {
				kind = upToNextMajorVersion;
				minimumVersion = 2.0.0;
			};
		};
/* End XCRemoteSwiftPackageReference section */

/* Begin XCSwiftPackageProductDependency section */
		6DFA72502B611B8100215D8F /* Factory */ = {
			isa = XCSwiftPackageProductDependency;
			package = 6DFA724F2B611B8100215D8F /* XCRemoteSwiftPackageReference "Factory" */;
			productName = Factory;
		};
/* End XCSwiftPackageProductDependency section */
	};
	rootObject = 6DE18EB42B5CF03200B840C7 /* Project object */;
}
