// !$*UTF8*$!
{
	archiveVersion = 1;
	classes = {
	};
	objectVersion = 50;
	objects = {

/* Begin PBXBuildFile section */
		0BFE0410227F1E8A004E7D2C /* AppDelegate.swift in Sources */ = {isa = PBXBuildFile; fileRef = 0BFE040F227F1E8A004E7D2C /* AppDelegate.swift */; };
		0BFE0412227F1E8A004E7D2C /* ViewController.swift in Sources */ = {isa = PBXBuildFile; fileRef = 0BFE0411227F1E8A004E7D2C /* ViewController.swift */; };
		0BFE0415227F1E8A004E7D2C /* Main.storyboard in Resources */ = {isa = PBXBuildFile; fileRef = 0BFE0413227F1E8A004E7D2C /* Main.storyboard */; };
		0BFE0417227F1E8B004E7D2C /* Assets.xcassets in Resources */ = {isa = PBXBuildFile; fileRef = 0BFE0416227F1E8B004E7D2C /* Assets.xcassets */; };
		0BFE041A227F1E8B004E7D2C /* LaunchScreen.storyboard in Resources */ = {isa = PBXBuildFile; fileRef = 0BFE0418227F1E8B004E7D2C /* LaunchScreen.storyboard */; };
		0BFE0422227F1EAC004E7D2C /* File.swift in Sources */ = {isa = PBXBuildFile; fileRef = 0BFE0421227F1EAC004E7D2C /* File.swift */; };
/* End PBXBuildFile section */

/* Begin PBXFileReference section */
		0BFE040C227F1E8A004E7D2C /* EmployeeManagerLab.app */ = {isa = PBXFileReference; explicitFileType = wrapper.application; includeInIndex = 0; path = EmployeeManagerLab.app; sourceTree = BUILT_PRODUCTS_DIR; };
		0BFE040F227F1E8A004E7D2C /* AppDelegate.swift */ = {isa = PBXFileReference; lastKnownFileType = sourcecode.swift; path = AppDelegate.swift; sourceTree = "<group>"; };
		0BFE0411227F1E8A004E7D2C /* ViewController.swift */ = {isa = PBXFileReference; lastKnownFileType = sourcecode.swift; path = ViewController.swift; sourceTree = "<group>"; };
		0BFE0414227F1E8A004E7D2C /* Base */ = {isa = PBXFileReference; lastKnownFileType = file.storyboard; name = Base; path = Base.lproj/Main.storyboard; sourceTree = "<group>"; };
		0BFE0416227F1E8B004E7D2C /* Assets.xcassets */ = {isa = PBXFileReference; lastKnownFileType = folder.assetcatalog; path = Assets.xcassets; sourceTree = "<group>"; };
		0BFE0419227F1E8B004E7D2C /* Base */ = {isa = PBXFileReference; lastKnownFileType = file.storyboard; name = Base; path = Base.lproj/LaunchScreen.storyboard; sourceTree = "<group>"; };
		0BFE041B227F1E8B004E7D2C /* Info.plist */ = {isa = PBXFileReference; lastKnownFileType = text.plist.xml; path = Info.plist; sourceTree = "<group>"; };
		0BFE0421227F1EAC004E7D2C /* File.swift */ = {isa = PBXFileReference; lastKnownFileType = sourcecode.swift; path = File.swift; sourceTree = "<group>"; };
/* End PBXFileReference section */

/* Begin PBXFrameworksBuildPhase section */
		0BFE0409227F1E8A004E7D2C /* Frameworks */ = {
			isa = PBXFrameworksBuildPhase;
			buildActionMask = 2147483647;
			files = (
			);
			runOnlyForDeploymentPostprocessing = 0;
		};
/* End PBXFrameworksBuildPhase section */

/* Begin PBXGroup section */
		0BFE0403227F1E8A004E7D2C = {
			isa = PBXGroup;
			children = (
				0BFE040E227F1E8A004E7D2C /* EmployeeManagerLab */,
				0BFE040D227F1E8A004E7D2C /* Products */,
			);
			sourceTree = "<group>";
		};
		0BFE040D227F1E8A004E7D2C /* Products */ = {
			isa = PBXGroup;
			children = (
				0BFE040C227F1E8A004E7D2C /* EmployeeManagerLab.app */,
			);
			name = Products;
			sourceTree = "<group>";
		};
		0BFE040E227F1E8A004E7D2C /* EmployeeManagerLab */ = {
			isa = PBXGroup;
			children = (
				0BFE040F227F1E8A004E7D2C /* AppDelegate.swift */,
				0BFE0411227F1E8A004E7D2C /* ViewController.swift */,
				0BFE0421227F1EAC004E7D2C /* File.swift */,
				0BFE0413227F1E8A004E7D2C /* Main.storyboard */,
				0BFE0416227F1E8B004E7D2C /* Assets.xcassets */,
				0BFE0418227F1E8B004E7D2C /* LaunchScreen.storyboard */,
				0BFE041B227F1E8B004E7D2C /* Info.plist */,
			);
			path = EmployeeManagerLab;
			sourceTree = "<group>";
		};
/* End PBXGroup section */

/* Begin PBXNativeTarget section */
		0BFE040B227F1E8A004E7D2C /* EmployeeManagerLab */ = {
			isa = PBXNativeTarget;
			buildConfigurationList = 0BFE041E227F1E8B004E7D2C /* Build configuration list for PBXNativeTarget "EmployeeManagerLab" */;
			buildPhases = (
				0BFE0408227F1E8A004E7D2C /* Sources */,
				0BFE0409227F1E8A004E7D2C /* Frameworks */,
				0BFE040A227F1E8A004E7D2C /* Resources */,
			);
			buildRules = (
			);
			dependencies = (
			);
			name = EmployeeManagerLab;
			productName = EmployeeManagerLab;
			productReference = 0BFE040C227F1E8A004E7D2C /* EmployeeManagerLab.app */;
			productType = "com.apple.product-type.application";
		};
/* End PBXNativeTarget section */

/* Begin PBXProject section */
		0BFE0404227F1E8A004E7D2C /* Project object */ = {
			isa = PBXProject;
			attributes = {
				LastSwiftUpdateCheck = 1010;
				LastUpgradeCheck = 1010;
				ORGANIZATIONNAME = iti;
				TargetAttributes = {
					0BFE040B227F1E8A004E7D2C = {
						CreatedOnToolsVersion = 10.1;
					};
				};
			};
			buildConfigurationList = 0BFE0407227F1E8A004E7D2C /* Build configuration list for PBXProject "EmployeeManagerLab" */;
			compatibilityVersion = "Xcode 9.3";
			developmentRegion = en;
			hasScannedForEncodings = 0;
			knownRegions = (
				en,
				Base,
			);
			mainGroup = 0BFE0403227F1E8A004E7D2C;
			productRefGroup = 0BFE040D227F1E8A004E7D2C /* Products */;
			projectDirPath = "";
			projectRoot = "";
			targets = (
				0BFE040B227F1E8A004E7D2C /* EmployeeManagerLab */,
			);
		};
/* End PBXProject section */

/* Begin PBXResourcesBuildPhase section */
		0BFE040A227F1E8A004E7D2C /* Resources */ = {
			isa = PBXResourcesBuildPhase;
			buildActionMask = 2147483647;
			files = (
				0BFE041A227F1E8B004E7D2C /* LaunchScreen.storyboard in Resources */,
				0BFE0417227F1E8B004E7D2C /* Assets.xcassets in Resources */,
				0BFE0415227F1E8A004E7D2C /* Main.storyboard in Resources */,
			);
			runOnlyForDeploymentPostprocessing = 0;
		};
/* End PBXResourcesBuildPhase section */

/* Begin PBXSourcesBuildPhase section */
		0BFE0408227F1E8A004E7D2C /* Sources */ = {
			isa = PBXSourcesBuildPhase;
			buildActionMask = 2147483647;
			files = (
				0BFE0412227F1E8A004E7D2C /* ViewController.swift in Sources */,
				0BFE0422227F1EAC004E7D2C /* File.swift in Sources */,
				0BFE0410227F1E8A004E7D2C /* AppDelegate.swift in Sources */,
			);
			runOnlyForDeploymentPostprocessing = 0;
		};
/* End PBXSourcesBuildPhase section */

/* Begin PBXVariantGroup section */
		0BFE0413227F1E8A004E7D2C /* Main.storyboard */ = {
			isa = PBXVariantGroup;
			children = (
				0BFE0414227F1E8A004E7D2C /* Base */,
			);
			name = Main.storyboard;
			sourceTree = "<group>";
		};
		0BFE0418227F1E8B004E7D2C /* LaunchScreen.storyboard */ = {
			isa = PBXVariantGroup;
			children = (
				0BFE0419227F1E8B004E7D2C /* Base */,
			);
			name = LaunchScreen.storyboard;
			sourceTree = "<group>";
		};
/* End PBXVariantGroup section */

/* Begin XCBuildConfiguration section */
		0BFE041C227F1E8B004E7D2C /* Debug */ = {
			isa = XCBuildConfiguration;
			buildSettings = {
				ALWAYS_SEARCH_USER_PATHS = NO;
				CLANG_ANALYZER_NONNULL = YES;
				CLANG_ANALYZER_NUMBER_OBJECT_CONVERSION = YES_AGGRESSIVE;
				CLANG_CXX_LANGUAGE_STANDARD = "gnu++14";
				CLANG_CXX_LIBRARY = "libc++";
				CLANG_ENABLE_MODULES = YES;
				CLANG_ENABLE_OBJC_ARC = YES;
				CLANG_ENABLE_OBJC_WEAK = YES;
				CLANG_WARN_BLOCK_CAPTURE_AUTORELEASING = YES;
				CLANG_WARN_BOOL_CONVERSION = YES;
				CLANG_WARN_COMMA = YES;
				CLANG_WARN_CONSTANT_CONVERSION = YES;
				CLANG_WARN_DEPRECATED_OBJC_IMPLEMENTATIONS = YES;
				CLANG_WARN_DIRECT_OBJC_ISA_USAGE = YES_ERROR;
				CLANG_WARN_DOCUMENTATION_COMMENTS = YES;
				CLANG_WARN_EMPTY_BODY = YES;
				CLANG_WARN_ENUM_CONVERSION = YES;
				CLANG_WARN_INFINITE_RECURSION = YES;
				CLANG_WARN_INT_CONVERSION = YES;
				CLANG_WARN_NON_LITERAL_NULL_CONVERSION = YES;
				CLANG_WARN_OBJC_IMPLICIT_RETAIN_SELF = YES;
				CLANG_WARN_OBJC_LITERAL_CONVERSION = YES;
				CLANG_WARN_OBJC_ROOT_CLASS = YES_ERROR;
				CLANG_WARN_RANGE_LOOP_ANALYSIS = YES;
				CLANG_WARN_STRICT_PROTOTYPES = YES;
				CLANG_WARN_SUSPICIOUS_MOVE = YES;
				CLANG_WARN_UNGUARDED_AVAILABILITY = YES_AGGRESSIVE;
				CLANG_WARN_UNREACHABLE_CODE = YES;
				CLANG_WARN__DUPLICATE_METHOD_MATCH = YES;
				CODE_SIGN_IDENTITY = "iPhone Developer";
				COPY_PHASE_STRIP = NO;
				DEBUG_INFORMATION_FORMAT = dwarf;
				ENABLE_STRICT_OBJC_MSGSEND = YES;
				ENABLE_TESTABILITY = YES;
				GCC_C_LANGUAGE_STANDARD = gnu11;
				GCC_DYNAMIC_NO_PIC = NO;
				GCC_NO_COMMON_BLOCKS = YES;
				GCC_OPTIMIZATION_LEVEL = 0;
				GCC_PREPROCESSOR_DEFINITIONS = (
					"DEBUG=1",
					"$(inherited)",
				);
				GCC_WARN_64_TO_32_BIT_CONVERSION = YES;
				GCC_WARN_ABOUT_RETURN_TYPE = YES_ERROR;
				GCC_WARN_UNDECLARED_SELECTOR = YES;
				GCC_WARN_UNINITIALIZED_AUTOS = YES_AGGRESSIVE;
				GCC_WARN_UNUSED_FUNCTION = YES;
				GCC_WARN_UNUSED_VARIABLE = YES;
				IPHONEOS_DEPLOYMENT_TARGET = 12.1;
				MTL_ENABLE_DEBUG_INFO = INCLUDE_SOURCE;
				MTL_FAST_MATH = YES;
				ONLY_ACTIVE_ARCH = YES;
				SDKROOT = iphoneos;
				SWIFT_ACTIVE_COMPILATION_CONDITIONS = DEBUG;
				SWIFT_OPTIMIZATION_LEVEL = "-Onone";
			};
			name = Debug;
		};
		0BFE041D227F1E8B004E7D2C /* Release */ = {
			isa = XCBuildConfiguration;
			buildSettings = {
				ALWAYS_SEARCH_USER_PATHS = NO;
				CLANG_ANALYZER_NONNULL = YES;
				CLANG_ANALYZER_NUMBER_OBJECT_CONVERSION = YES_AGGRESSIVE;
				CLANG_CXX_LANGUAGE_STANDARD = "gnu++14";
				CLANG_CXX_LIBRARY = "libc++";
				CLANG_ENABLE_MODULES = YES;
				CLANG_ENABLE_OBJC_ARC = YES;
				CLANG_ENABLE_OBJC_WEAK = YES;
				CLANG_WARN_BLOCK_CAPTURE_AUTORELEASING = YES;
				CLANG_WARN_BOOL_CONVERSION = YES;
				CLANG_WARN_COMMA = YES;
				CLANG_WARN_CONSTANT_CONVERSION = YES;
				CLANG_WARN_DEPRECATED_OBJC_IMPLEMENTATIONS = YES;
				CLANG_WARN_DIRECT_OBJC_ISA_USAGE = YES_ERROR;
				CLANG_WARN_DOCUMENTATION_COMMENTS = YES;
				CLANG_WARN_EMPTY_BODY = YES;
				CLANG_WARN_ENUM_CONVERSION = YES;
				CLANG_WARN_INFINITE_RECURSION = YES;
				CLANG_WARN_INT_CONVERSION = YES;
				CLANG_WARN_NON_LITERAL_NULL_CONVERSION = YES;
				CLANG_WARN_OBJC_IMPLICIT_RETAIN_SELF = YES;
				CLANG_WARN_OBJC_LITERAL_CONVERSION = YES;
				CLANG_WARN_OBJC_ROOT_CLASS = YES_ERROR;
				CLANG_WARN_RANGE_LOOP_ANALYSIS = YES;
				CLANG_WARN_STRICT_PROTOTYPES = YES;
				CLANG_WARN_SUSPICIOUS_MOVE = YES;
				CLANG_WARN_UNGUARDED_AVAILABILITY = YES_AGGRESSIVE;
				CLANG_WARN_UNREACHABLE_CODE = YES;
				CLANG_WARN__DUPLICATE_METHOD_MATCH = YES;
				CODE_SIGN_IDENTITY = "iPhone Developer";
				COPY_PHASE_STRIP = NO;
				DEBUG_INFORMATION_FORMAT = "dwarf-with-dsym";
				ENABLE_NS_ASSERTIONS = NO;
				ENABLE_STRICT_OBJC_MSGSEND = YES;
				GCC_C_LANGUAGE_STANDARD = gnu11;
				GCC_NO_COMMON_BLOCKS = YES;
				GCC_WARN_64_TO_32_BIT_CONVERSION = YES;
				GCC_WARN_ABOUT_RETURN_TYPE = YES_ERROR;
				GCC_WARN_UNDECLARED_SELECTOR = YES;
				GCC_WARN_UNINITIALIZED_AUTOS = YES_AGGRESSIVE;
				GCC_WARN_UNUSED_FUNCTION = YES;
				GCC_WARN_UNUSED_VARIABLE = YES;
				IPHONEOS_DEPLOYMENT_TARGET = 12.1;
				MTL_ENABLE_DEBUG_INFO = NO;
				MTL_FAST_MATH = YES;
				SDKROOT = iphoneos;
				SWIFT_COMPILATION_MODE = wholemodule;
				SWIFT_OPTIMIZATION_LEVEL = "-O";
				VALIDATE_PRODUCT = YES;
			};
			name = Release;
		};
		0BFE041F227F1E8B004E7D2C /* Debug */ = {
			isa = XCBuildConfiguration;
			buildSettings = {
				ASSETCATALOG_COMPILER_APPICON_NAME = AppIcon;
				CODE_SIGN_STYLE = Automatic;
				INFOPLIST_FILE = EmployeeManagerLab/Info.plist;
				LD_RUNPATH_SEARCH_PATHS = (
					"$(inherited)",
					"@executable_path/Frameworks",
				);
				PRODUCT_BUNDLE_IDENTIFIER = jets.EmployeeManagerLab;
				PRODUCT_NAME = "$(TARGET_NAME)";
				SWIFT_VERSION = 4.2;
				TARGETED_DEVICE_FAMILY = "1,2";
			};
			name = Debug;
		};
		0BFE0420227F1E8B004E7D2C /* Release */ = {
			isa = XCBuildConfiguration;
			buildSettings = {
				ASSETCATALOG_COMPILER_APPICON_NAME = AppIcon;
				CODE_SIGN_STYLE = Automatic;
				INFOPLIST_FILE = EmployeeManagerLab/Info.plist;
				LD_RUNPATH_SEARCH_PATHS = (
					"$(inherited)",
					"@executable_path/Frameworks",
				);
				PRODUCT_BUNDLE_IDENTIFIER = jets.EmployeeManagerLab;
				PRODUCT_NAME = "$(TARGET_NAME)";
				SWIFT_VERSION = 4.2;
				TARGETED_DEVICE_FAMILY = "1,2";
			};
			name = Release;
		};
/* End XCBuildConfiguration section */

/* Begin XCConfigurationList section */
		0BFE0407227F1E8A004E7D2C /* Build configuration list for PBXProject "EmployeeManagerLab" */ = {
			isa = XCConfigurationList;
			buildConfigurations = (
				0BFE041C227F1E8B004E7D2C /* Debug */,
				0BFE041D227F1E8B004E7D2C /* Release */,
			);
			defaultConfigurationIsVisible = 0;
			defaultConfigurationName = Release;
		};
		0BFE041E227F1E8B004E7D2C /* Build configuration list for PBXNativeTarget "EmployeeManagerLab" */ = {
			isa = XCConfigurationList;
			buildConfigurations = (
				0BFE041F227F1E8B004E7D2C /* Debug */,
				0BFE0420227F1E8B004E7D2C /* Release */,
			);
			defaultConfigurationIsVisible = 0;
			defaultConfigurationName = Release;
		};
/* End XCConfigurationList section */
	};
	rootObject = 0BFE0404227F1E8A004E7D2C /* Project object */;
}
